<?xml version="1.0" encoding="utf-8"?>
<Project ToolsVersion="4.0" xmlns="http://schemas.microsoft.com/developer/msbuild/2003">
  <ItemGroup>
    <Filter Include="Source Files">
      <UniqueIdentifier>{4FC737F1-C7A5-4376-A066-2A32D752A2FF}</UniqueIdentifier>
      <Extensions>cpp;c;cc;cxx;c++;cppm;ixx;def;odl;idl;hpj;bat;asm;asmx</Extensions>
    </Filter>
    <Filter Include="Header Files">
      <UniqueIdentifier>{93995380-89BD-4b04-88EB-625FBE52EBFB}</UniqueIdentifier>
      <Extensions>h;hh;hpp;hxx;h++;hm;inl;inc;ipp;xsd</Extensions>
    </Filter>
    <Filter Include="Resource Files">
      <UniqueIdentifier>{67DA6AB6-F800-4c08-8B7A-83BB121AAD01}</UniqueIdentifier>
      <Extensions>rc;ico;cur;bmp;dlg;rc2;rct;bin;rgs;gif;jpg;jpeg;jpe;resx;tiff;tif;png;wav;mfcribbon-ms</Extensions>
    </Filter>
    <Filter Include="Config Files">
      <UniqueIdentifier>{4033c6cd-d66c-4d1f-adf7-f91312757035}</UniqueIdentifier>
    </Filter>
    <Filter Include="Source Files\Tooling">
      <UniqueIdentifier>{f7988f99-4f1b-41d2-8deb-2530bff901e9}</UniqueIdentifier>
    </Filter>
  </ItemGroup>
  <ItemGroup>
    <ClCompile Include="_main.cpp">
      <Filter>Source Files</Filter>
    </ClCompile>
    <ClCompile Include="rsqrt.cpp">
      <Filter>Source Files</Filter>
    </ClCompile>
    <ClCompile Include="sndmix.cpp">
      <Filter>Source Files</Filter>
    </ClCompile>
    <ClCompile Include="diffusecolor.cpp">
      <Filter>Source Files</Filter>
    </ClCompile>
    <ClCompile Include="dotproduct.cpp">
      <Filter>Source Files</Filter>
    </ClCompile>
    <ClCompile Include="lerpmeshvertexes.cpp">
      <Filter>Source Files</Filter>
    </ClCompile>
    <ClCompile Include="projectdlighttexture.cpp">
      <Filter>Source Files</Filter>
    </ClCompile>
    <ClCompile Include="bdmpx.c">
      <Filter>Source Files\Tooling</Filter>
    </ClCompile>
    <ClCompile Include="csv.c">
      <Filter>Source Files\Tooling</Filter>
    </ClCompile>
  </ItemGroup>
  <ItemGroup>
    <ClInclude Include="include\bdmpx.h">
      <Filter>Header Files</Filter>
    </ClInclude>
    <ClInclude Include="include\cputime_dummy.h">
      <Filter>Header Files</Filter>
    </ClInclude>
    <ClInclude Include="include\cputime_win.h">
      <Filter>Header Files</Filter>
    </ClInclude>
    <ClInclude Include="include\platform.h">
      <Filter>Header Files</Filter>
    </ClInclude>
    <ClInclude Include="include\timer_linux.h">
      <Filter>Header Files</Filter>
    </ClInclude>
    <ClInclude Include="include\timer_win.h">
      <Filter>Header Files</Filter>
    </ClInclude>
    <ClInclude Include="include\timing.h">
      <Filter>Header Files</Filter>
    </ClInclude>
    <ClInclude Include="csv.h">
      <Filter>Header Files</Filter>
    </ClInclude>
  </ItemGroup>
  <ItemGroup>
    <None Include=".gitignore">
      <Filter>Config Files</Filter>
    </None>
    <None Include=".gitattributes">
      <Filter>Config Files</Filter>
    </None>
    <None Include="README.md">
      <Filter>Config Files</Filter>
    </None>
  </ItemGroup>
</Project>